
Microsoft Visual Studio Solution File, Format Version 12.00
# Visual Studio Version 17
VisualStudioVersion = 17.11.35327.3
MinimumVisualStudioVersion = 10.0.40219.1
Project("{FAE04EC0-301F-11D3-BF4B-00C04F79EFBC}") = "FTP Client Application", "FTP Client-Server\FTP Client Application.csproj", "{22B492C7-E8F2-4EDD-802C-218B57B530EF}"
EndProject
Project("{FAE04EC0-301F-11D3-BF4B-00C04F79EFBC}") = "FTP Server Application", "FTP Server Application\FTP Server Application.csproj", "{FE488F50-DB53-43D8-A125-BA918FDA26F2}"
EndProject
Global
	GlobalSection(SolutionConfigurationPlatforms) = preSolution
		Debug|Any CPU = Debug|Any CPU
		Release|Any CPU = Release|Any CPU
	EndGlobalSection
	GlobalSection(ProjectConfigurationPlatforms) = postSolution
		{22B492C7-E8F2-4EDD-802C-218B57B530EF}.Debug|Any CPU.ActiveCfg = Debug|Any CPU
		{22B492C7-E8F2-4EDD-802C-218B57B530EF}.Debug|Any CPU.Build.0 = Debug|Any CPU
		{22B492C7-E8F2-4EDD-802C-218B57B530EF}.Release|Any CPU.ActiveCfg = Release|Any CPU
		{22B492C7-E8F2-4EDD-802C-218B57B530EF}.Release|Any CPU.Build.0 = Release|Any CPU
		{FE488F50-DB53-43D8-A125-BA918FDA26F2}.Debug|Any CPU.ActiveCfg = Debug|Any CPU
		{FE488F50-DB53-43D8-A125-BA918FDA26F2}.Debug|Any CPU.Build.0 = Debug|Any CPU
		{FE488F50-DB53-43D8-A125-BA918FDA26F2}.Release|Any CPU.ActiveCfg = Release|Any CPU
		{FE488F50-DB53-43D8-A125-BA918FDA26F2}.Release|Any CPU.Build.0 = Release|Any CPU
	EndGlobalSection
	GlobalSection(SolutionProperties) = preSolution
		HideSolutionNode = FALSE
	EndGlobalSection
	GlobalSection(ExtensibilityGlobals) = postSolution
		SolutionGuid = {99E9FA43-CFD2-4F9C-A43F-3FCFD1309E9D}
	EndGlobalSection
EndGlobal
